
Microsoft Visual Studio Solution File, Format Version 12.00
# Visual Studio Version 16
VisualStudioVersion = 16.0.30907.101
MinimumVisualStudioVersion = 10.0.40219.1
Project("{FAE04EC0-301F-11D3-BF4B-00C04F79EFBC}") = "HKDF.NET", "HKDF.NET\HKDF.NET.csproj", "{8B6DC259-3326-4861-956A-96E57BF0380C}"
EndProject
Global
	GlobalSection(SolutionConfigurationPlatforms) = preSolution
		Debug|Any CPU = Debug|Any CPU
		Release|Any CPU = Release|Any CPU
	EndGlobalSection
	GlobalSection(ProjectConfigurationPlatforms) = postSolution
		{8B6DC259-3326-4861-956A-96E57BF0380C}.Debug|Any CPU.ActiveCfg = Debug|Any CPU
		{8B6DC259-3326-4861-956A-96E57BF0380C}.Debug|Any CPU.Build.0 = Debug|Any CPU
		{8B6DC259-3326-4861-956A-96E57BF0380C}.Release|Any CPU.ActiveCfg = Release|Any CPU
		{8B6DC259-3326-4861-956A-96E57BF0380C}.Release|Any CPU.Build.0 = Release|Any CPU
	EndGlobalSection
	GlobalSection(SolutionProperties) = preSolution
		HideSolutionNode = FALSE
	EndGlobalSection
	GlobalSection(ExtensibilityGlobals) = postSolution
		SolutionGuid = {CEDD7C79-CEA4-46BC-9E05-1B9C5F8F70AC}
	EndGlobalSection
EndGlobal
