
Microsoft Visual Studio Solution File, Format Version 12.00
# Visual Studio Version 16
VisualStudioVersion = 16.0.30907.101
MinimumVisualStudioVersion = 10.0.40219.1
Project("{9A19103F-16F7-4668-BE54-9A1E7A4F7556}") = "HkdfTest", "HkdfTest\HkdfTest.csproj", "{C7CA4406-9E58-4143-BFB6-B41034BCCF28}"
EndProject
Global
	GlobalSection(SolutionConfigurationPlatforms) = preSolution
		Debug|Any CPU = Debug|Any CPU
		Release|Any CPU = Release|Any CPU
	EndGlobalSection
	GlobalSection(ProjectConfigurationPlatforms) = postSolution
		{C7CA4406-9E58-4143-BFB6-B41034BCCF28}.Debug|Any CPU.ActiveCfg = Debug|Any CPU
		{C7CA4406-9E58-4143-BFB6-B41034BCCF28}.Debug|Any CPU.Build.0 = Debug|Any CPU
		{C7CA4406-9E58-4143-BFB6-B41034BCCF28}.Release|Any CPU.ActiveCfg = Release|Any CPU
		{C7CA4406-9E58-4143-BFB6-B41034BCCF28}.Release|Any CPU.Build.0 = Release|Any CPU
	EndGlobalSection
	GlobalSection(SolutionProperties) = preSolution
		HideSolutionNode = FALSE
	EndGlobalSection
	GlobalSection(ExtensibilityGlobals) = postSolution
		SolutionGuid = {7F19C629-06AB-4C72-9BC3-17FEC982DB4E}
	EndGlobalSection
	ProjectSection(SolutionItems) = preProject
		global.json = global.json
	EndProjectSection
EndGlobal
